// !$*UTF8*$!
{
	archiveVersion = 1;
	classes = {
	};
	objectVersion = 56;
	objects = {

/* Begin PBXBuildFile section */
		8D47DEE22BCD4AE400B3DD5B /* SplashViewController.swift in Sources */ = {isa = PBXBuildFile; fileRef = 8D47DEE12BCD4AE400B3DD5B /* SplashViewController.swift */; };
		8D5069912BD2C69A0024D9A9 /* ProfileImageService.swift in Sources */ = {isa = PBXBuildFile; fileRef = 8D5069902BD2C69A0024D9A9 /* ProfileImageService.swift */; };
		8D5CE0262BD6C046001FB788 /* URLSession+objectTask.swift in Sources */ = {isa = PBXBuildFile; fileRef = 8D5CE0252BD6C046001FB788 /* URLSession+objectTask.swift */; };
		8D6828AA2BE3AED600F34B51 /* ImagesListService.swift in Sources */ = {isa = PBXBuildFile; fileRef = 8D6828A92BE3AED600F34B51 /* ImagesListService.swift */; };
		8D6D91A82BC6BE4D00A457FB /* OAuthTokenResponseBody.swift in Sources */ = {isa = PBXBuildFile; fileRef = 8D6D91A72BC6BE4D00A457FB /* OAuthTokenResponseBody.swift */; };
		8D6F892D2B3ADF3D00866619 /* ImagesListCell.swift in Sources */ = {isa = PBXBuildFile; fileRef = 8D6F892C2B3ADF3D00866619 /* ImagesListCell.swift */; };
		8D6FDF402BDFB22E00CD8DF8 /* TabBarController.swift in Sources */ = {isa = PBXBuildFile; fileRef = 8D6FDF3F2BDFB22E00CD8DF8 /* TabBarController.swift */; };
		8D7030F12BCF1F0C0028ACFA /* ProgressHUD in Frameworks */ = {isa = PBXBuildFile; productRef = 8D7030F02BCF1F0C0028ACFA /* ProgressHUD */; };
		8D7217C92B8B2FDF0023EB63 /* Constants.swift in Sources */ = {isa = PBXBuildFile; fileRef = 8D7217C82B8B2FDF0023EB63 /* Constants.swift */; };
		8D76D9522BDED99B0037DD12 /* SwiftKeychainWrapper in Frameworks */ = {isa = PBXBuildFile; productRef = 8D76D9512BDED99B0037DD12 /* SwiftKeychainWrapper */; };
		8D7B5FFC2B8B720B0069FFF4 /* AuthViewController.swift in Sources */ = {isa = PBXBuildFile; fileRef = 8D7B5FFB2B8B720B0069FFF4 /* AuthViewController.swift */; };
		8D7B60002B8B7EF60069FFF4 /* WebViewViewController.swift in Sources */ = {isa = PBXBuildFile; fileRef = 8D7B5FFF2B8B7EF60069FFF4 /* WebViewViewController.swift */; };
		8D7BEE0E2BD16ACC00F58F98 /* ProfileService.swift in Sources */ = {isa = PBXBuildFile; fileRef = 8D7BEE0D2BD16ACC00F58F98 /* ProfileService.swift */; };
		8D8E62732BC416220013FEA9 /* OAuth2Service.swift in Sources */ = {isa = PBXBuildFile; fileRef = 8D8E62722BC416220013FEA9 /* OAuth2Service.swift */; };
		8D8E62762BC469E10013FEA9 /* URLSession+data.swift in Sources */ = {isa = PBXBuildFile; fileRef = 8D8E62752BC469E10013FEA9 /* URLSession+data.swift */; };
		8D9351D62B63ECAA00B61E2B /* ProfileViewController.swift in Sources */ = {isa = PBXBuildFile; fileRef = 8D9351D52B63ECAA00B61E2B /* ProfileViewController.swift */; };
		8DA158122BD99AF70037E7DA /* Kingfisher in Frameworks */ = {isa = PBXBuildFile; productRef = 8DA158112BD99AF70037E7DA /* Kingfisher */; };
		8DC5DD122BD0785F008552BA /* UIBlockingProgressHUD.swift in Sources */ = {isa = PBXBuildFile; fileRef = 8DC5DD112BD0785F008552BA /* UIBlockingProgressHUD.swift */; };
		8DCBDC242B24C09A001620E7 /* AppDelegate.swift in Sources */ = {isa = PBXBuildFile; fileRef = 8DCBDC232B24C09A001620E7 /* AppDelegate.swift */; };
		8DCBDC262B24C09A001620E7 /* SceneDelegate.swift in Sources */ = {isa = PBXBuildFile; fileRef = 8DCBDC252B24C09A001620E7 /* SceneDelegate.swift */; };
		8DCBDC282B24C09A001620E7 /* ImagesListViewController.swift in Sources */ = {isa = PBXBuildFile; fileRef = 8DCBDC272B24C09A001620E7 /* ImagesListViewController.swift */; };
		8DCBDC2B2B24C09A001620E7 /* Main.storyboard in Resources */ = {isa = PBXBuildFile; fileRef = 8DCBDC292B24C09A001620E7 /* Main.storyboard */; };
		8DCBDC2D2B24C09C001620E7 /* Assets.xcassets in Resources */ = {isa = PBXBuildFile; fileRef = 8DCBDC2C2B24C09C001620E7 /* Assets.xcassets */; };
		8DCBDC302B24C09C001620E7 /* LaunchScreen.storyboard in Resources */ = {isa = PBXBuildFile; fileRef = 8DCBDC2E2B24C09C001620E7 /* LaunchScreen.storyboard */; };
		8DE85A382B6A660800A2B146 /* SingleImageViewController.swift in Sources */ = {isa = PBXBuildFile; fileRef = 8DE85A372B6A660800A2B146 /* SingleImageViewController.swift */; };
/* End PBXBuildFile section */

/* Begin PBXFileReference section */
		8D47DEE12BCD4AE400B3DD5B /* SplashViewController.swift */ = {isa = PBXFileReference; lastKnownFileType = sourcecode.swift; path = SplashViewController.swift; sourceTree = "<group>"; };
		8D5069902BD2C69A0024D9A9 /* ProfileImageService.swift */ = {isa = PBXFileReference; lastKnownFileType = sourcecode.swift; path = ProfileImageService.swift; sourceTree = "<group>"; };
		8D5CE0252BD6C046001FB788 /* URLSession+objectTask.swift */ = {isa = PBXFileReference; lastKnownFileType = sourcecode.swift; path = "URLSession+objectTask.swift"; sourceTree = "<group>"; };
		8D6828A92BE3AED600F34B51 /* ImagesListService.swift */ = {isa = PBXFileReference; lastKnownFileType = sourcecode.swift; path = ImagesListService.swift; sourceTree = "<group>"; };
		8D6D91A72BC6BE4D00A457FB /* OAuthTokenResponseBody.swift */ = {isa = PBXFileReference; lastKnownFileType = sourcecode.swift; path = OAuthTokenResponseBody.swift; sourceTree = "<group>"; };
		8D6F892C2B3ADF3D00866619 /* ImagesListCell.swift */ = {isa = PBXFileReference; lastKnownFileType = sourcecode.swift; path = ImagesListCell.swift; sourceTree = "<group>"; };
		8D6FDF3F2BDFB22E00CD8DF8 /* TabBarController.swift */ = {isa = PBXFileReference; lastKnownFileType = sourcecode.swift; path = TabBarController.swift; sourceTree = "<group>"; };
		8D7217C82B8B2FDF0023EB63 /* Constants.swift */ = {isa = PBXFileReference; lastKnownFileType = sourcecode.swift; path = Constants.swift; sourceTree = "<group>"; };
		8D7B5FFB2B8B720B0069FFF4 /* AuthViewController.swift */ = {isa = PBXFileReference; lastKnownFileType = sourcecode.swift; path = AuthViewController.swift; sourceTree = "<group>"; };
		8D7B5FFF2B8B7EF60069FFF4 /* WebViewViewController.swift */ = {isa = PBXFileReference; lastKnownFileType = sourcecode.swift; path = WebViewViewController.swift; sourceTree = "<group>"; };
		8D7BEE0D2BD16ACC00F58F98 /* ProfileService.swift */ = {isa = PBXFileReference; lastKnownFileType = sourcecode.swift; path = ProfileService.swift; sourceTree = "<group>"; };
		8D8E62722BC416220013FEA9 /* OAuth2Service.swift */ = {isa = PBXFileReference; lastKnownFileType = sourcecode.swift; path = OAuth2Service.swift; sourceTree = "<group>"; };
		8D8E62752BC469E10013FEA9 /* URLSession+data.swift */ = {isa = PBXFileReference; lastKnownFileType = sourcecode.swift; path = "URLSession+data.swift"; sourceTree = "<group>"; };
		8D9351D52B63ECAA00B61E2B /* ProfileViewController.swift */ = {isa = PBXFileReference; lastKnownFileType = sourcecode.swift; path = ProfileViewController.swift; sourceTree = "<group>"; };
		8DC5DD112BD0785F008552BA /* UIBlockingProgressHUD.swift */ = {isa = PBXFileReference; lastKnownFileType = sourcecode.swift; path = UIBlockingProgressHUD.swift; sourceTree = "<group>"; };
		8DCBDC202B24C09A001620E7 /* ImageFeed.app */ = {isa = PBXFileReference; explicitFileType = wrapper.application; includeInIndex = 0; path = ImageFeed.app; sourceTree = BUILT_PRODUCTS_DIR; };
		8DCBDC232B24C09A001620E7 /* AppDelegate.swift */ = {isa = PBXFileReference; lastKnownFileType = sourcecode.swift; path = AppDelegate.swift; sourceTree = "<group>"; };
		8DCBDC252B24C09A001620E7 /* SceneDelegate.swift */ = {isa = PBXFileReference; lastKnownFileType = sourcecode.swift; path = SceneDelegate.swift; sourceTree = "<group>"; };
		8DCBDC272B24C09A001620E7 /* ImagesListViewController.swift */ = {isa = PBXFileReference; lastKnownFileType = sourcecode.swift; path = ImagesListViewController.swift; sourceTree = "<group>"; };
		8DCBDC2A2B24C09A001620E7 /* Base */ = {isa = PBXFileReference; lastKnownFileType = file.storyboard; name = Base; path = Base.lproj/Main.storyboard; sourceTree = "<group>"; };
		8DCBDC2C2B24C09C001620E7 /* Assets.xcassets */ = {isa = PBXFileReference; lastKnownFileType = folder.assetcatalog; path = Assets.xcassets; sourceTree = "<group>"; };
		8DCBDC2F2B24C09C001620E7 /* Base */ = {isa = PBXFileReference; lastKnownFileType = file.storyboard; name = Base; path = Base.lproj/LaunchScreen.storyboard; sourceTree = "<group>"; };
		8DCBDC312B24C09C001620E7 /* Info.plist */ = {isa = PBXFileReference; lastKnownFileType = text.plist.xml; path = Info.plist; sourceTree = "<group>"; };
		8DE85A372B6A660800A2B146 /* SingleImageViewController.swift */ = {isa = PBXFileReference; lastKnownFileType = sourcecode.swift; path = SingleImageViewController.swift; sourceTree = "<group>"; };
/* End PBXFileReference section */

/* Begin PBXFrameworksBuildPhase section */
		8DCBDC1D2B24C09A001620E7 /* Frameworks */ = {
			isa = PBXFrameworksBuildPhase;
			buildActionMask = 2147483647;
			files = (
				8DA158122BD99AF70037E7DA /* Kingfisher in Frameworks */,
				8D7030F12BCF1F0C0028ACFA /* ProgressHUD in Frameworks */,
				8D76D9522BDED99B0037DD12 /* SwiftKeychainWrapper in Frameworks */,
			);
			runOnlyForDeploymentPostprocessing = 0;
		};
/* End PBXFrameworksBuildPhase section */

/* Begin PBXGroup section */
		8D4A199E2BCD493B00C81FC4 /* Splash */ = {
			isa = PBXGroup;
			children = (
				8D47DEE12BCD4AE400B3DD5B /* SplashViewController.swift */,
			);
			path = Splash;
			sourceTree = "<group>";
		};
		8D6676E52B6A5931002C0C75 /* SingleImageView */ = {
			isa = PBXGroup;
			children = (
				8DE85A372B6A660800A2B146 /* SingleImageViewController.swift */,
			);
			path = SingleImageView;
			sourceTree = "<group>";
		};
		8D6F89272B3ADE2A00866619 /* ImagesList */ = {
			isa = PBXGroup;
			children = (
				8DCBDC272B24C09A001620E7 /* ImagesListViewController.swift */,
				8D6F892C2B3ADF3D00866619 /* ImagesListCell.swift */,
			);
			path = ImagesList;
			sourceTree = "<group>";
		};
		8D7B5FFE2B8B72650069FFF4 /* Auth */ = {
			isa = PBXGroup;
			children = (
				8D7B5FFB2B8B720B0069FFF4 /* AuthViewController.swift */,
				8D7B5FFF2B8B7EF60069FFF4 /* WebViewViewController.swift */,
			);
			path = Auth;
			sourceTree = "<group>";
		};
		8D8E62712BC415E40013FEA9 /* Services */ = {
			isa = PBXGroup;
			children = (
				8D8E62722BC416220013FEA9 /* OAuth2Service.swift */,
				8D6D91A72BC6BE4D00A457FB /* OAuthTokenResponseBody.swift */,
				8D7BEE0D2BD16ACC00F58F98 /* ProfileService.swift */,
				8D5069902BD2C69A0024D9A9 /* ProfileImageService.swift */,
				8D6828A92BE3AED600F34B51 /* ImagesListService.swift */,
			);
			path = Services;
			sourceTree = "<group>";
		};
		8D8E62742BC469B60013FEA9 /* Helpers */ = {
			isa = PBXGroup;
			children = (
				8D8E62752BC469E10013FEA9 /* URLSession+data.swift */,
				8D5CE0252BD6C046001FB788 /* URLSession+objectTask.swift */,
			);
			path = Helpers;
			sourceTree = "<group>";
		};
		8DCBDC172B24C09A001620E7 = {
			isa = PBXGroup;
			children = (
				8DCBDC222B24C09A001620E7 /* ImageFeed */,
				8DCBDC212B24C09A001620E7 /* Products */,
			);
			sourceTree = "<group>";
		};
		8DCBDC212B24C09A001620E7 /* Products */ = {
			isa = PBXGroup;
			children = (
				8DCBDC202B24C09A001620E7 /* ImageFeed.app */,
			);
			name = Products;
			sourceTree = "<group>";
		};
		8DCBDC222B24C09A001620E7 /* ImageFeed */ = {
			isa = PBXGroup;
			children = (
				8D4A199E2BCD493B00C81FC4 /* Splash */,
				8D8E62742BC469B60013FEA9 /* Helpers */,
				8D8E62712BC415E40013FEA9 /* Services */,
				8D6F89272B3ADE2A00866619 /* ImagesList */,
				8D6676E52B6A5931002C0C75 /* SingleImageView */,
				8DE130712B64264A00953FD2 /* Profile */,
				8D7B5FFE2B8B72650069FFF4 /* Auth */,
				8DC5DD112BD0785F008552BA /* UIBlockingProgressHUD.swift */,
				8D6FDF3F2BDFB22E00CD8DF8 /* TabBarController.swift */,
				8D7217C82B8B2FDF0023EB63 /* Constants.swift */,
				8DCBDC232B24C09A001620E7 /* AppDelegate.swift */,
				8DCBDC252B24C09A001620E7 /* SceneDelegate.swift */,
				8DCBDC292B24C09A001620E7 /* Main.storyboard */,
				8DCBDC2C2B24C09C001620E7 /* Assets.xcassets */,
				8DCBDC2E2B24C09C001620E7 /* LaunchScreen.storyboard */,
				8DCBDC312B24C09C001620E7 /* Info.plist */,
			);
			path = ImageFeed;
			sourceTree = "<group>";
		};
		8DE130712B64264A00953FD2 /* Profile */ = {
			isa = PBXGroup;
			children = (
				8D9351D52B63ECAA00B61E2B /* ProfileViewController.swift */,
			);
			path = Profile;
			sourceTree = "<group>";
		};
/* End PBXGroup section */

/* Begin PBXNativeTarget section */
		8DCBDC1F2B24C09A001620E7 /* ImageFeed */ = {
			isa = PBXNativeTarget;
			buildConfigurationList = 8DCBDC342B24C09C001620E7 /* Build configuration list for PBXNativeTarget "ImageFeed" */;
			buildPhases = (
				8DCBDC1C2B24C09A001620E7 /* Sources */,
				8DCBDC1D2B24C09A001620E7 /* Frameworks */,
				8DCBDC1E2B24C09A001620E7 /* Resources */,
			);
			buildRules = (
			);
			dependencies = (
			);
			name = ImageFeed;
			packageProductDependencies = (
				8D7030F02BCF1F0C0028ACFA /* ProgressHUD */,
				8DA158112BD99AF70037E7DA /* Kingfisher */,
				8D76D9512BDED99B0037DD12 /* SwiftKeychainWrapper */,
			);
			productName = ImageFeed;
			productReference = 8DCBDC202B24C09A001620E7 /* ImageFeed.app */;
			productType = "com.apple.product-type.application";
		};
/* End PBXNativeTarget section */

/* Begin PBXProject section */
		8DCBDC182B24C09A001620E7 /* Project object */ = {
			isa = PBXProject;
			attributes = {
				BuildIndependentTargetsInParallel = 1;
				LastSwiftUpdateCheck = 1430;
				LastUpgradeCheck = 1430;
				TargetAttributes = {
					8DCBDC1F2B24C09A001620E7 = {
						CreatedOnToolsVersion = 14.3.1;
					};
				};
			};
			buildConfigurationList = 8DCBDC1B2B24C09A001620E7 /* Build configuration list for PBXProject "ImageFeed" */;
			compatibilityVersion = "Xcode 14.0";
			developmentRegion = en;
			hasScannedForEncodings = 0;
			knownRegions = (
				en,
				Base,
			);
			mainGroup = 8DCBDC172B24C09A001620E7;
			packageReferences = (
				8D7030EF2BCF1F0C0028ACFA /* XCRemoteSwiftPackageReference "ProgressHUD" */,
				8DA158102BD99AF70037E7DA /* XCRemoteSwiftPackageReference "Kingfisher" */,
				8D76D9502BDED99B0037DD12 /* XCRemoteSwiftPackageReference "SwiftKeychainWrapper" */,
			);
			productRefGroup = 8DCBDC212B24C09A001620E7 /* Products */;
			projectDirPath = "";
			projectRoot = "";
			targets = (
				8DCBDC1F2B24C09A001620E7 /* ImageFeed */,
			);
		};
/* End PBXProject section */

/* Begin PBXResourcesBuildPhase section */
		8DCBDC1E2B24C09A001620E7 /* Resources */ = {
			isa = PBXResourcesBuildPhase;
			buildActionMask = 2147483647;
			files = (
				8DCBDC302B24C09C001620E7 /* LaunchScreen.storyboard in Resources */,
				8DCBDC2D2B24C09C001620E7 /* Assets.xcassets in Resources */,
				8DCBDC2B2B24C09A001620E7 /* Main.storyboard in Resources */,
			);
			runOnlyForDeploymentPostprocessing = 0;
		};
/* End PBXResourcesBuildPhase section */

/* Begin PBXSourcesBuildPhase section */
		8DCBDC1C2B24C09A001620E7 /* Sources */ = {
			isa = PBXSourcesBuildPhase;
			buildActionMask = 2147483647;
			files = (
				8DCBDC282B24C09A001620E7 /* ImagesListViewController.swift in Sources */,
				8D7BEE0E2BD16ACC00F58F98 /* ProfileService.swift in Sources */,
				8D8E62732BC416220013FEA9 /* OAuth2Service.swift in Sources */,
				8D6FDF402BDFB22E00CD8DF8 /* TabBarController.swift in Sources */,
				8D6D91A82BC6BE4D00A457FB /* OAuthTokenResponseBody.swift in Sources */,
				8D6F892D2B3ADF3D00866619 /* ImagesListCell.swift in Sources */,
				8D9351D62B63ECAA00B61E2B /* ProfileViewController.swift in Sources */,
				8D5069912BD2C69A0024D9A9 /* ProfileImageService.swift in Sources */,
				8D47DEE22BCD4AE400B3DD5B /* SplashViewController.swift in Sources */,
				8DCBDC242B24C09A001620E7 /* AppDelegate.swift in Sources */,
				8D7217C92B8B2FDF0023EB63 /* Constants.swift in Sources */,
				8D5CE0262BD6C046001FB788 /* URLSession+objectTask.swift in Sources */,
				8DC5DD122BD0785F008552BA /* UIBlockingProgressHUD.swift in Sources */,
				8DE85A382B6A660800A2B146 /* SingleImageViewController.swift in Sources */,
				8D6828AA2BE3AED600F34B51 /* ImagesListService.swift in Sources */,
				8D8E62762BC469E10013FEA9 /* URLSession+data.swift in Sources */,
				8D7B5FFC2B8B720B0069FFF4 /* AuthViewController.swift in Sources */,
				8D7B60002B8B7EF60069FFF4 /* WebViewViewController.swift in Sources */,
				8DCBDC262B24C09A001620E7 /* SceneDelegate.swift in Sources */,
			);
			runOnlyForDeploymentPostprocessing = 0;
		};
/* End PBXSourcesBuildPhase section */

/* Begin PBXVariantGroup section */
		8DCBDC292B24C09A001620E7 /* Main.storyboard */ = {
			isa = PBXVariantGroup;
			children = (
				8DCBDC2A2B24C09A001620E7 /* Base */,
			);
			name = Main.storyboard;
			sourceTree = "<group>";
		};
		8DCBDC2E2B24C09C001620E7 /* LaunchScreen.storyboard */ = {
			isa = PBXVariantGroup;
			children = (
				8DCBDC2F2B24C09C001620E7 /* Base */,
			);
			name = LaunchScreen.storyboard;
			sourceTree = "<group>";
		};
/* End PBXVariantGroup section */

/* Begin XCBuildConfiguration section */
		8DCBDC322B24C09C001620E7 /* Debug */ = {
			isa = XCBuildConfiguration;
			buildSettings = {
				ALWAYS_SEARCH_USER_PATHS = NO;
				CLANG_ANALYZER_NONNULL = YES;
				CLANG_ANALYZER_NUMBER_OBJECT_CONVERSION = YES_AGGRESSIVE;
				CLANG_CXX_LANGUAGE_STANDARD = "gnu++20";
				CLANG_ENABLE_MODULES = YES;
				CLANG_ENABLE_OBJC_ARC = YES;
				CLANG_ENABLE_OBJC_WEAK = YES;
				CLANG_WARN_BLOCK_CAPTURE_AUTORELEASING = YES;
				CLANG_WARN_BOOL_CONVERSION = YES;
				CLANG_WARN_COMMA = YES;
				CLANG_WARN_CONSTANT_CONVERSION = YES;
				CLANG_WARN_DEPRECATED_OBJC_IMPLEMENTATIONS = YES;
				CLANG_WARN_DIRECT_OBJC_ISA_USAGE = YES_ERROR;
				CLANG_WARN_DOCUMENTATION_COMMENTS = YES;
				CLANG_WARN_EMPTY_BODY = YES;
				CLANG_WARN_ENUM_CONVERSION = YES;
				CLANG_WARN_INFINITE_RECURSION = YES;
				CLANG_WARN_INT_CONVERSION = YES;
				CLANG_WARN_NON_LITERAL_NULL_CONVERSION = YES;
				CLANG_WARN_OBJC_IMPLICIT_RETAIN_SELF = YES;
				CLANG_WARN_OBJC_LITERAL_CONVERSION = YES;
				CLANG_WARN_OBJC_ROOT_CLASS = YES_ERROR;
				CLANG_WARN_QUOTED_INCLUDE_IN_FRAMEWORK_HEADER = YES;
				CLANG_WARN_RANGE_LOOP_ANALYSIS = YES;
				CLANG_WARN_STRICT_PROTOTYPES = YES;
				CLANG_WARN_SUSPICIOUS_MOVE = YES;
				CLANG_WARN_UNGUARDED_AVAILABILITY = YES_AGGRESSIVE;
				CLANG_WARN_UNREACHABLE_CODE = YES;
				CLANG_WARN__DUPLICATE_METHOD_MATCH = YES;
				COPY_PHASE_STRIP = NO;
				DEBUG_INFORMATION_FORMAT = dwarf;
				ENABLE_STRICT_OBJC_MSGSEND = YES;
				ENABLE_TESTABILITY = YES;
				GCC_C_LANGUAGE_STANDARD = gnu11;
				GCC_DYNAMIC_NO_PIC = NO;
				GCC_NO_COMMON_BLOCKS = YES;
				GCC_OPTIMIZATION_LEVEL = 0;
				GCC_PREPROCESSOR_DEFINITIONS = (
					"DEBUG=1",
					"$(inherited)",
				);
				GCC_WARN_64_TO_32_BIT_CONVERSION = YES;
				GCC_WARN_ABOUT_RETURN_TYPE = YES_ERROR;
				GCC_WARN_UNDECLARED_SELECTOR = YES;
				GCC_WARN_UNINITIALIZED_AUTOS = YES_AGGRESSIVE;
				GCC_WARN_UNUSED_FUNCTION = YES;
				GCC_WARN_UNUSED_VARIABLE = YES;
				IPHONEOS_DEPLOYMENT_TARGET = 13.0;
				MTL_ENABLE_DEBUG_INFO = INCLUDE_SOURCE;
				MTL_FAST_MATH = YES;
				ONLY_ACTIVE_ARCH = YES;
				SDKROOT = iphoneos;
				SWIFT_ACTIVE_COMPILATION_CONDITIONS = DEBUG;
				SWIFT_OPTIMIZATION_LEVEL = "-Onone";
			};
			name = Debug;
		};
		8DCBDC332B24C09C001620E7 /* Release */ = {
			isa = XCBuildConfiguration;
			buildSettings = {
				ALWAYS_SEARCH_USER_PATHS = NO;
				CLANG_ANALYZER_NONNULL = YES;
				CLANG_ANALYZER_NUMBER_OBJECT_CONVERSION = YES_AGGRESSIVE;
				CLANG_CXX_LANGUAGE_STANDARD = "gnu++20";
				CLANG_ENABLE_MODULES = YES;
				CLANG_ENABLE_OBJC_ARC = YES;
				CLANG_ENABLE_OBJC_WEAK = YES;
				CLANG_WARN_BLOCK_CAPTURE_AUTORELEASING = YES;
				CLANG_WARN_BOOL_CONVERSION = YES;
				CLANG_WARN_COMMA = YES;
				CLANG_WARN_CONSTANT_CONVERSION = YES;
				CLANG_WARN_DEPRECATED_OBJC_IMPLEMENTATIONS = YES;
				CLANG_WARN_DIRECT_OBJC_ISA_USAGE = YES_ERROR;
				CLANG_WARN_DOCUMENTATION_COMMENTS = YES;
				CLANG_WARN_EMPTY_BODY = YES;
				CLANG_WARN_ENUM_CONVERSION = YES;
				CLANG_WARN_INFINITE_RECURSION = YES;
				CLANG_WARN_INT_CONVERSION = YES;
				CLANG_WARN_NON_LITERAL_NULL_CONVERSION = YES;
				CLANG_WARN_OBJC_IMPLICIT_RETAIN_SELF = YES;
				CLANG_WARN_OBJC_LITERAL_CONVERSION = YES;
				CLANG_WARN_OBJC_ROOT_CLASS = YES_ERROR;
				CLANG_WARN_QUOTED_INCLUDE_IN_FRAMEWORK_HEADER = YES;
				CLANG_WARN_RANGE_LOOP_ANALYSIS = YES;
				CLANG_WARN_STRICT_PROTOTYPES = YES;
				CLANG_WARN_SUSPICIOUS_MOVE = YES;
				CLANG_WARN_UNGUARDED_AVAILABILITY = YES_AGGRESSIVE;
				CLANG_WARN_UNREACHABLE_CODE = YES;
				CLANG_WARN__DUPLICATE_METHOD_MATCH = YES;
				COPY_PHASE_STRIP = NO;
				DEBUG_INFORMATION_FORMAT = "dwarf-with-dsym";
				ENABLE_NS_ASSERTIONS = NO;
				ENABLE_STRICT_OBJC_MSGSEND = YES;
				GCC_C_LANGUAGE_STANDARD = gnu11;
				GCC_NO_COMMON_BLOCKS = YES;
				GCC_WARN_64_TO_32_BIT_CONVERSION = YES;
				GCC_WARN_ABOUT_RETURN_TYPE = YES_ERROR;
				GCC_WARN_UNDECLARED_SELECTOR = YES;
				GCC_WARN_UNINITIALIZED_AUTOS = YES_AGGRESSIVE;
				GCC_WARN_UNUSED_FUNCTION = YES;
				GCC_WARN_UNUSED_VARIABLE = YES;
				IPHONEOS_DEPLOYMENT_TARGET = 13.0;
				MTL_ENABLE_DEBUG_INFO = NO;
				MTL_FAST_MATH = YES;
				SDKROOT = iphoneos;
				SWIFT_COMPILATION_MODE = wholemodule;
				SWIFT_OPTIMIZATION_LEVEL = "-O";
				VALIDATE_PRODUCT = YES;
			};
			name = Release;
		};
		8DCBDC352B24C09C001620E7 /* Debug */ = {
			isa = XCBuildConfiguration;
			buildSettings = {
				ASSETCATALOG_COMPILER_APPICON_NAME = AppIcon;
				ASSETCATALOG_COMPILER_GLOBAL_ACCENT_COLOR_NAME = AccentColor;
				CODE_SIGN_STYLE = Automatic;
				CURRENT_PROJECT_VERSION = 1;
				DEVELOPMENT_TEAM = 4BP938UGMK;
				GENERATE_INFOPLIST_FILE = YES;
				INFOPLIST_FILE = ImageFeed/Info.plist;
				INFOPLIST_KEY_UIApplicationSupportsIndirectInputEvents = YES;
				INFOPLIST_KEY_UILaunchStoryboardName = LaunchScreen;
				INFOPLIST_KEY_UIMainStoryboardFile = Main;
				INFOPLIST_KEY_UISupportedInterfaceOrientations = UIInterfaceOrientationPortrait;
				INFOPLIST_KEY_UISupportedInterfaceOrientations_iPad = "UIInterfaceOrientationLandscapeLeft UIInterfaceOrientationLandscapeRight UIInterfaceOrientationPortrait UIInterfaceOrientationPortraitUpsideDown";
				IPHONEOS_DEPLOYMENT_TARGET = 13.0;
				LD_RUNPATH_SEARCH_PATHS = (
					"$(inherited)",
					"@executable_path/Frameworks",
				);
				MARKETING_VERSION = 1.0;
				PRODUCT_BUNDLE_IDENTIFIER = ru.vladkramskoy.ImageFeed;
				PRODUCT_NAME = "$(TARGET_NAME)";
				SUPPORTED_PLATFORMS = "iphoneos iphonesimulator";
				SUPPORTS_MACCATALYST = NO;
				SUPPORTS_MAC_DESIGNED_FOR_IPHONE_IPAD = NO;
				SWIFT_EMIT_LOC_STRINGS = YES;
				SWIFT_VERSION = 5.0;
				TARGETED_DEVICE_FAMILY = 1;
			};
			name = Debug;
		};
		8DCBDC362B24C09C001620E7 /* Release */ = {
			isa = XCBuildConfiguration;
			buildSettings = {
				ASSETCATALOG_COMPILER_APPICON_NAME = AppIcon;
				ASSETCATALOG_COMPILER_GLOBAL_ACCENT_COLOR_NAME = AccentColor;
				CODE_SIGN_STYLE = Automatic;
				CURRENT_PROJECT_VERSION = 1;
				DEVELOPMENT_TEAM = 4BP938UGMK;
				GENERATE_INFOPLIST_FILE = YES;
				INFOPLIST_FILE = ImageFeed/Info.plist;
				INFOPLIST_KEY_UIApplicationSupportsIndirectInputEvents = YES;
				INFOPLIST_KEY_UILaunchStoryboardName = LaunchScreen;
				INFOPLIST_KEY_UIMainStoryboardFile = Main;
				INFOPLIST_KEY_UISupportedInterfaceOrientations = UIInterfaceOrientationPortrait;
				INFOPLIST_KEY_UISupportedInterfaceOrientations_iPad = "UIInterfaceOrientationLandscapeLeft UIInterfaceOrientationLandscapeRight UIInterfaceOrientationPortrait UIInterfaceOrientationPortraitUpsideDown";
				IPHONEOS_DEPLOYMENT_TARGET = 13.0;
				LD_RUNPATH_SEARCH_PATHS = (
					"$(inherited)",
					"@executable_path/Frameworks",
				);
				MARKETING_VERSION = 1.0;
				PRODUCT_BUNDLE_IDENTIFIER = ru.vladkramskoy.ImageFeed;
				PRODUCT_NAME = "$(TARGET_NAME)";
				SUPPORTED_PLATFORMS = "iphoneos iphonesimulator";
				SUPPORTS_MACCATALYST = NO;
				SUPPORTS_MAC_DESIGNED_FOR_IPHONE_IPAD = NO;
				SWIFT_EMIT_LOC_STRINGS = YES;
				SWIFT_VERSION = 5.0;
				TARGETED_DEVICE_FAMILY = 1;
			};
			name = Release;
		};
/* End XCBuildConfiguration section */

/* Begin XCConfigurationList section */
		8DCBDC1B2B24C09A001620E7 /* Build configuration list for PBXProject "ImageFeed" */ = {
			isa = XCConfigurationList;
			buildConfigurations = (
				8DCBDC322B24C09C001620E7 /* Debug */,
				8DCBDC332B24C09C001620E7 /* Release */,
			);
			defaultConfigurationIsVisible = 0;
			defaultConfigurationName = Release;
		};
		8DCBDC342B24C09C001620E7 /* Build configuration list for PBXNativeTarget "ImageFeed" */ = {
			isa = XCConfigurationList;
			buildConfigurations = (
				8DCBDC352B24C09C001620E7 /* Debug */,
				8DCBDC362B24C09C001620E7 /* Release */,
			);
			defaultConfigurationIsVisible = 0;
			defaultConfigurationName = Release;
		};
/* End XCConfigurationList section */

/* Begin XCRemoteSwiftPackageReference section */
		8D7030EF2BCF1F0C0028ACFA /* XCRemoteSwiftPackageReference "ProgressHUD" */ = {
			isa = XCRemoteSwiftPackageReference;
			repositoryURL = "https://github.com/relatedcode/ProgressHUD";
			requirement = {
				kind = exactVersion;
				version = 13.8.6;
			};
		};
		8D76D9502BDED99B0037DD12 /* XCRemoteSwiftPackageReference "SwiftKeychainWrapper" */ = {
			isa = XCRemoteSwiftPackageReference;
			repositoryURL = "https://github.com/jrendel/SwiftKeychainWrapper";
			requirement = {
				kind = upToNextMajorVersion;
				minimumVersion = 4.0.0;
			};
		};
		8DA158102BD99AF70037E7DA /* XCRemoteSwiftPackageReference "Kingfisher" */ = {
			isa = XCRemoteSwiftPackageReference;
			repositoryURL = "https://github.com/onevcat/Kingfisher";
			requirement = {
				kind = upToNextMinorVersion;
				minimumVersion = 7.11.0;
			};
		};
/* End XCRemoteSwiftPackageReference section */

/* Begin XCSwiftPackageProductDependency section */
		8D7030F02BCF1F0C0028ACFA /* ProgressHUD */ = {
			isa = XCSwiftPackageProductDependency;
			package = 8D7030EF2BCF1F0C0028ACFA /* XCRemoteSwiftPackageReference "ProgressHUD" */;
			productName = ProgressHUD;
		};
		8D76D9512BDED99B0037DD12 /* SwiftKeychainWrapper */ = {
			isa = XCSwiftPackageProductDependency;
			package = 8D76D9502BDED99B0037DD12 /* XCRemoteSwiftPackageReference "SwiftKeychainWrapper" */;
			productName = SwiftKeychainWrapper;
		};
		8DA158112BD99AF70037E7DA /* Kingfisher */ = {
			isa = XCSwiftPackageProductDependency;
			package = 8DA158102BD99AF70037E7DA /* XCRemoteSwiftPackageReference "Kingfisher" */;
			productName = Kingfisher;
		};
/* End XCSwiftPackageProductDependency section */
	};
	rootObject = 8DCBDC182B24C09A001620E7 /* Project object */;
}
